
Microsoft Visual Studio Solution File, Format Version 12.00
# Visual Studio Version 17
VisualStudioVersion = 17.8.34322.80
MinimumVisualStudioVersion = 10.0.40219.1
Project("{FAE04EC0-301F-11D3-BF4B-00C04F79EFBC}") = "JobQuest", "JobQuest.csproj", "{A71CF242-57DA-4AD3-AD28-0C539B525147}"
EndProject
Global
	GlobalSection(SolutionConfigurationPlatforms) = preSolution
		Debug|Any CPU = Debug|Any CPU
		Release|Any CPU = Release|Any CPU
	EndGlobalSection
	GlobalSection(ProjectConfigurationPlatforms) = postSolution
		{A71CF242-57DA-4AD3-AD28-0C539B525147}.Debug|Any CPU.ActiveCfg = Debug|Any CPU
		{A71CF242-57DA-4AD3-AD28-0C539B525147}.Debug|Any CPU.Build.0 = Debug|Any CPU
		{A71CF242-57DA-4AD3-AD28-0C539B525147}.Release|Any CPU.ActiveCfg = Release|Any CPU
		{A71CF242-57DA-4AD3-AD28-0C539B525147}.Release|Any CPU.Build.0 = Release|Any CPU
	EndGlobalSection
	GlobalSection(SolutionProperties) = preSolution
		HideSolutionNode = FALSE
	EndGlobalSection
	GlobalSection(ExtensibilityGlobals) = postSolution
		SolutionGuid = {82FA298A-4997-44BB-A8A7-213A3D3CB2A6}
	EndGlobalSection
EndGlobal
