
Microsoft Visual Studio Solution File, Format Version 12.00
# Visual Studio Version 17
VisualStudioVersion = 17.0.31903.59
MinimumVisualStudioVersion = 10.0.40219.1
Project("{2150E333-8FDC-42A3-9474-1A3956D46DE8}") = "src", "src", "{827E0CD3-B72D-47B6-A68D-7590B98EB39B}"
EndProject
Project("{FAE04EC0-301F-11D3-BF4B-00C04F79EFBC}") = "JobQuest.Domain", "src\JobQuest.Domain\JobQuest.Domain.csproj", "{83F9DBB0-AED7-4483-83C8-74DB63F3772B}"
EndProject
Project("{FAE04EC0-301F-11D3-BF4B-00C04F79EFBC}") = "JobQuest.Application", "src\JobQuest.Application\JobQuest.Application.csproj", "{DF8F791A-500D-4237-A9C8-C89545DCFB17}"
EndProject
Project("{FAE04EC0-301F-11D3-BF4B-00C04F79EFBC}") = "JobQuest.Infrastructure", "src\JobQuest.Infrastructure\JobQuest.Infrastructure.csproj", "{3893118A-382E-46A6-96D5-E9117527D7BF}"
EndProject
Project("{FAE04EC0-301F-11D3-BF4B-00C04F79EFBC}") = "JobQuest.Api", "src\JobQuest.Api\JobQuest.Api.csproj", "{E2BA596C-8C13-49DE-B9F8-F0BDAD605D5A}"
EndProject
Project("{2150E333-8FDC-42A3-9474-1A3956D46DE8}") = "aspire", "aspire", "{64880D93-BAB4-FF83-898C-B934B68C31A9}"
EndProject
Project("{FAE04EC0-301F-11D3-BF4B-00C04F79EFBC}") = "JobQuest.AppHost", "aspire\JobQuest.AppHost\JobQuest.AppHost.csproj", "{DC09ADFF-61A4-4A71-9C97-CEAE344730CA}"
EndProject
Project("{FAE04EC0-301F-11D3-BF4B-00C04F79EFBC}") = "JobQuest.ServiceDefaults", "aspire\JobQuest.ServiceDefaults\JobQuest.ServiceDefaults.csproj", "{18F1FFAB-705F-49E0-A82D-10456AD10DCA}"
EndProject
Global
	GlobalSection(SolutionConfigurationPlatforms) = preSolution
		Debug|Any CPU = Debug|Any CPU
		Debug|x64 = Debug|x64
		Debug|x86 = Debug|x86
		Release|Any CPU = Release|Any CPU
		Release|x64 = Release|x64
		Release|x86 = Release|x86
	EndGlobalSection
	GlobalSection(ProjectConfigurationPlatforms) = postSolution
		{83F9DBB0-AED7-4483-83C8-74DB63F3772B}.Debug|Any CPU.ActiveCfg = Debug|Any CPU
		{83F9DBB0-AED7-4483-83C8-74DB63F3772B}.Debug|Any CPU.Build.0 = Debug|Any CPU
		{83F9DBB0-AED7-4483-83C8-74DB63F3772B}.Debug|x64.ActiveCfg = Debug|Any CPU
		{83F9DBB0-AED7-4483-83C8-74DB63F3772B}.Debug|x64.Build.0 = Debug|Any CPU
		{83F9DBB0-AED7-4483-83C8-74DB63F3772B}.Debug|x86.ActiveCfg = Debug|Any CPU
		{83F9DBB0-AED7-4483-83C8-74DB63F3772B}.Debug|x86.Build.0 = Debug|Any CPU
		{83F9DBB0-AED7-4483-83C8-74DB63F3772B}.Release|Any CPU.ActiveCfg = Release|Any CPU
		{83F9DBB0-AED7-4483-83C8-74DB63F3772B}.Release|Any CPU.Build.0 = Release|Any CPU
		{83F9DBB0-AED7-4483-83C8-74DB63F3772B}.Release|x64.ActiveCfg = Release|Any CPU
		{83F9DBB0-AED7-4483-83C8-74DB63F3772B}.Release|x64.Build.0 = Release|Any CPU
		{83F9DBB0-AED7-4483-83C8-74DB63F3772B}.Release|x86.ActiveCfg = Release|Any CPU
		{83F9DBB0-AED7-4483-83C8-74DB63F3772B}.Release|x86.Build.0 = Release|Any CPU
		{DF8F791A-500D-4237-A9C8-C89545DCFB17}.Debug|Any CPU.ActiveCfg = Debug|Any CPU
		{DF8F791A-500D-4237-A9C8-C89545DCFB17}.Debug|Any CPU.Build.0 = Debug|Any CPU
		{DF8F791A-500D-4237-A9C8-C89545DCFB17}.Debug|x64.ActiveCfg = Debug|Any CPU
		{DF8F791A-500D-4237-A9C8-C89545DCFB17}.Debug|x64.Build.0 = Debug|Any CPU
		{DF8F791A-500D-4237-A9C8-C89545DCFB17}.Debug|x86.ActiveCfg = Debug|Any CPU
		{DF8F791A-500D-4237-A9C8-C89545DCFB17}.Debug|x86.Build.0 = Debug|Any CPU
		{DF8F791A-500D-4237-A9C8-C89545DCFB17}.Release|Any CPU.ActiveCfg = Release|Any CPU
		{DF8F791A-500D-4237-A9C8-C89545DCFB17}.Release|Any CPU.Build.0 = Release|Any CPU
		{DF8F791A-500D-4237-A9C8-C89545DCFB17}.Release|x64.ActiveCfg = Release|Any CPU
		{DF8F791A-500D-4237-A9C8-C89545DCFB17}.Release|x64.Build.0 = Release|Any CPU
		{DF8F791A-500D-4237-A9C8-C89545DCFB17}.Release|x86.ActiveCfg = Release|Any CPU
		{DF8F791A-500D-4237-A9C8-C89545DCFB17}.Release|x86.Build.0 = Release|Any CPU
		{3893118A-382E-46A6-96D5-E9117527D7BF}.Debug|Any CPU.ActiveCfg = Debug|Any CPU
		{3893118A-382E-46A6-96D5-E9117527D7BF}.Debug|Any CPU.Build.0 = Debug|Any CPU
		{3893118A-382E-46A6-96D5-E9117527D7BF}.Debug|x64.ActiveCfg = Debug|Any CPU
		{3893118A-382E-46A6-96D5-E9117527D7BF}.Debug|x64.Build.0 = Debug|Any CPU
		{3893118A-382E-46A6-96D5-E9117527D7BF}.Debug|x86.ActiveCfg = Debug|Any CPU
		{3893118A-382E-46A6-96D5-E9117527D7BF}.Debug|x86.Build.0 = Debug|Any CPU
		{3893118A-382E-46A6-96D5-E9117527D7BF}.Release|Any CPU.ActiveCfg = Release|Any CPU
		{3893118A-382E-46A6-96D5-E9117527D7BF}.Release|Any CPU.Build.0 = Release|Any CPU
		{3893118A-382E-46A6-96D5-E9117527D7BF}.Release|x64.ActiveCfg = Release|Any CPU
		{3893118A-382E-46A6-96D5-E9117527D7BF}.Release|x64.Build.0 = Release|Any CPU
		{3893118A-382E-46A6-96D5-E9117527D7BF}.Release|x86.ActiveCfg = Release|Any CPU
		{3893118A-382E-46A6-96D5-E9117527D7BF}.Release|x86.Build.0 = Release|Any CPU
		{E2BA596C-8C13-49DE-B9F8-F0BDAD605D5A}.Debug|Any CPU.ActiveCfg = Debug|Any CPU
		{E2BA596C-8C13-49DE-B9F8-F0BDAD605D5A}.Debug|Any CPU.Build.0 = Debug|Any CPU
		{E2BA596C-8C13-49DE-B9F8-F0BDAD605D5A}.Debug|x64.ActiveCfg = Debug|Any CPU
		{E2BA596C-8C13-49DE-B9F8-F0BDAD605D5A}.Debug|x64.Build.0 = Debug|Any CPU
		{E2BA596C-8C13-49DE-B9F8-F0BDAD605D5A}.Debug|x86.ActiveCfg = Debug|Any CPU
		{E2BA596C-8C13-49DE-B9F8-F0BDAD605D5A}.Debug|x86.Build.0 = Debug|Any CPU
		{E2BA596C-8C13-49DE-B9F8-F0BDAD605D5A}.Release|Any CPU.ActiveCfg = Release|Any CPU
		{E2BA596C-8C13-49DE-B9F8-F0BDAD605D5A}.Release|Any CPU.Build.0 = Release|Any CPU
		{E2BA596C-8C13-49DE-B9F8-F0BDAD605D5A}.Release|x64.ActiveCfg = Release|Any CPU
		{E2BA596C-8C13-49DE-B9F8-F0BDAD605D5A}.Release|x64.Build.0 = Release|Any CPU
		{E2BA596C-8C13-49DE-B9F8-F0BDAD605D5A}.Release|x86.ActiveCfg = Release|Any CPU
		{E2BA596C-8C13-49DE-B9F8-F0BDAD605D5A}.Release|x86.Build.0 = Release|Any CPU
		{DC09ADFF-61A4-4A71-9C97-CEAE344730CA}.Debug|Any CPU.ActiveCfg = Debug|Any CPU
		{DC09ADFF-61A4-4A71-9C97-CEAE344730CA}.Debug|Any CPU.Build.0 = Debug|Any CPU
		{DC09ADFF-61A4-4A71-9C97-CEAE344730CA}.Debug|x64.ActiveCfg = Debug|Any CPU
		{DC09ADFF-61A4-4A71-9C97-CEAE344730CA}.Debug|x64.Build.0 = Debug|Any CPU
		{DC09ADFF-61A4-4A71-9C97-CEAE344730CA}.Debug|x86.ActiveCfg = Debug|Any CPU
		{DC09ADFF-61A4-4A71-9C97-CEAE344730CA}.Debug|x86.Build.0 = Debug|Any CPU
		{DC09ADFF-61A4-4A71-9C97-CEAE344730CA}.Release|Any CPU.ActiveCfg = Release|Any CPU
		{DC09ADFF-61A4-4A71-9C97-CEAE344730CA}.Release|Any CPU.Build.0 = Release|Any CPU
		{DC09ADFF-61A4-4A71-9C97-CEAE344730CA}.Release|x64.ActiveCfg = Release|Any CPU
		{DC09ADFF-61A4-4A71-9C97-CEAE344730CA}.Release|x64.Build.0 = Release|Any CPU
		{DC09ADFF-61A4-4A71-9C97-CEAE344730CA}.Release|x86.ActiveCfg = Release|Any CPU
		{DC09ADFF-61A4-4A71-9C97-CEAE344730CA}.Release|x86.Build.0 = Release|Any CPU
		{18F1FFAB-705F-49E0-A82D-10456AD10DCA}.Debug|Any CPU.ActiveCfg = Debug|Any CPU
		{18F1FFAB-705F-49E0-A82D-10456AD10DCA}.Debug|Any CPU.Build.0 = Debug|Any CPU
		{18F1FFAB-705F-49E0-A82D-10456AD10DCA}.Debug|x64.ActiveCfg = Debug|Any CPU
		{18F1FFAB-705F-49E0-A82D-10456AD10DCA}.Debug|x64.Build.0 = Debug|Any CPU
		{18F1FFAB-705F-49E0-A82D-10456AD10DCA}.Debug|x86.ActiveCfg = Debug|Any CPU
		{18F1FFAB-705F-49E0-A82D-10456AD10DCA}.Debug|x86.Build.0 = Debug|Any CPU
		{18F1FFAB-705F-49E0-A82D-10456AD10DCA}.Release|Any CPU.ActiveCfg = Release|Any CPU
		{18F1FFAB-705F-49E0-A82D-10456AD10DCA}.Release|Any CPU.Build.0 = Release|Any CPU
		{18F1FFAB-705F-49E0-A82D-10456AD10DCA}.Release|x64.ActiveCfg = Release|Any CPU
		{18F1FFAB-705F-49E0-A82D-10456AD10DCA}.Release|x64.Build.0 = Release|Any CPU
		{18F1FFAB-705F-49E0-A82D-10456AD10DCA}.Release|x86.ActiveCfg = Release|Any CPU
		{18F1FFAB-705F-49E0-A82D-10456AD10DCA}.Release|x86.Build.0 = Release|Any CPU
	EndGlobalSection
	GlobalSection(SolutionProperties) = preSolution
		HideSolutionNode = FALSE
	EndGlobalSection
	GlobalSection(NestedProjects) = preSolution
		{83F9DBB0-AED7-4483-83C8-74DB63F3772B} = {827E0CD3-B72D-47B6-A68D-7590B98EB39B}
		{DF8F791A-500D-4237-A9C8-C89545DCFB17} = {827E0CD3-B72D-47B6-A68D-7590B98EB39B}
		{3893118A-382E-46A6-96D5-E9117527D7BF} = {827E0CD3-B72D-47B6-A68D-7590B98EB39B}
		{E2BA596C-8C13-49DE-B9F8-F0BDAD605D5A} = {827E0CD3-B72D-47B6-A68D-7590B98EB39B}
		{DC09ADFF-61A4-4A71-9C97-CEAE344730CA} = {64880D93-BAB4-FF83-898C-B934B68C31A9}
		{18F1FFAB-705F-49E0-A82D-10456AD10DCA} = {64880D93-BAB4-FF83-898C-B934B68C31A9}
	EndGlobalSection
EndGlobal
